
Microsoft Visual Studio Solution File, Format Version 12.00
# Visual Studio 15
VisualStudioVersion = 15.0.27004.2008
MinimumVisualStudioVersion = 10.0.40219.1
Project("{8BC9CEB8-8B4A-11D0-8D11-00A0C91BC942}") = "ReadingandWritingBinaryFiles", "ReadingandWritingBinaryFiles.vcxproj", "{22E10F86-AA3D-4170-88A0-244AB10FEF0E}"
EndProject
Global
	GlobalSection(SolutionConfigurationPlatforms) = preSolution
		Debug|x64 = Debug|x64
		Debug|x86 = Debug|x86
		Release|x64 = Release|x64
		Release|x86 = Release|x86
	EndGlobalSection
	GlobalSection(ProjectConfigurationPlatforms) = postSolution
		{22E10F86-AA3D-4170-88A0-244AB10FEF0E}.Debug|x64.ActiveCfg = Debug|x64
		{22E10F86-AA3D-4170-88A0-244AB10FEF0E}.Debug|x64.Build.0 = Debug|x64
		{22E10F86-AA3D-4170-88A0-244AB10FEF0E}.Debug|x86.ActiveCfg = Debug|Win32
		{22E10F86-AA3D-4170-88A0-244AB10FEF0E}.Debug|x86.Build.0 = Debug|Win32
		{22E10F86-AA3D-4170-88A0-244AB10FEF0E}.Release|x64.ActiveCfg = Release|x64
		{22E10F86-AA3D-4170-88A0-244AB10FEF0E}.Release|x64.Build.0 = Release|x64
		{22E10F86-AA3D-4170-88A0-244AB10FEF0E}.Release|x86.ActiveCfg = Release|Win32
		{22E10F86-AA3D-4170-88A0-244AB10FEF0E}.Release|x86.Build.0 = Release|Win32
	EndGlobalSection
	GlobalSection(SolutionProperties) = preSolution
		HideSolutionNode = FALSE
	EndGlobalSection
	GlobalSection(ExtensibilityGlobals) = postSolution
		SolutionGuid = {32892E76-B8AF-4146-9EB9-FFDC1EBBD1B8}
	EndGlobalSection
EndGlobal
